
Microsoft Visual Studio Solution File, Format Version 12.00
# Visual Studio Version 16
VisualStudioVersion = 16.0.30204.135
MinimumVisualStudioVersion = 10.0.40219.1
Project("{FAE04EC0-301F-11D3-BF4B-00C04F79EFBC}") = "Sample02", "Sample02\Sample02.csproj", "{43EB660A-273F-40E6-A93C-0996A453BB7D}"
EndProject
Global
	GlobalSection(SolutionConfigurationPlatforms) = preSolution
		Debug|Any CPU = Debug|Any CPU
		Release|Any CPU = Release|Any CPU
	EndGlobalSection
	GlobalSection(ProjectConfigurationPlatforms) = postSolution
		{43EB660A-273F-40E6-A93C-0996A453BB7D}.Debug|Any CPU.ActiveCfg = Debug|Any CPU
		{43EB660A-273F-40E6-A93C-0996A453BB7D}.Debug|Any CPU.Build.0 = Debug|Any CPU
		{43EB660A-273F-40E6-A93C-0996A453BB7D}.Release|Any CPU.ActiveCfg = Release|Any CPU
		{43EB660A-273F-40E6-A93C-0996A453BB7D}.Release|Any CPU.Build.0 = Release|Any CPU
	EndGlobalSection
	GlobalSection(SolutionProperties) = preSolution
		HideSolutionNode = FALSE
	EndGlobalSection
	GlobalSection(ExtensibilityGlobals) = postSolution
		SolutionGuid = {6E833FCE-C6E3-44ED-9A4E-B68580F9095F}
	EndGlobalSection
EndGlobal
